
Microsoft Visual Studio Solution File, Format Version 12.00
# Visual Studio Version 17
VisualStudioVersion = 17.11.35208.52
MinimumVisualStudioVersion = 10.0.40219.1
Project("{9A19103F-16F7-4668-BE54-9A1E7A4F7556}") = "3D Model Accuracy Checker", "3D Model Accuracy Checker.csproj", "{90401D6E-C22C-4E19-B816-6559BC7FFB4B}"
	ProjectSection(ProjectDependencies) = postProject
		{548663CC-B642-471F-88AB-5BB00395C86E} = {548663CC-B642-471F-88AB-5BB00395C86E}
		{C79DD75A-3FAC-4407-AEA9-80562546D81F} = {C79DD75A-3FAC-4407-AEA9-80562546D81F}
	EndProjectSection
EndProject
Project("{9A19103F-16F7-4668-BE54-9A1E7A4F7556}") = "FilesManagement", "FilesManagement\FilesManagement.csproj", "{C79DD75A-3FAC-4407-AEA9-80562546D81F}"
EndProject
Project("{9A19103F-16F7-4668-BE54-9A1E7A4F7556}") = "ShapeFile_management2", "ShapeFile_management\ShapeFile_management2.csproj", "{548663CC-B642-471F-88AB-5BB00395C86E}"
EndProject
Project("{9A19103F-16F7-4668-BE54-9A1E7A4F7556}") = "ExportAcuracyToPdf", "ExportAcuracyToPdf\ExportAcuracyToPdf.csproj", "{48B19408-6E3B-431B-B353-6273C7FD4C0C}"
EndProject
Global
	GlobalSection(SolutionConfigurationPlatforms) = preSolution
		Debug|Any CPU = Debug|Any CPU
		Release|Any CPU = Release|Any CPU
	EndGlobalSection
	GlobalSection(ProjectConfigurationPlatforms) = postSolution
		{90401D6E-C22C-4E19-B816-6559BC7FFB4B}.Debug|Any CPU.ActiveCfg = Debug|Any CPU
		{90401D6E-C22C-4E19-B816-6559BC7FFB4B}.Debug|Any CPU.Build.0 = Debug|Any CPU
		{90401D6E-C22C-4E19-B816-6559BC7FFB4B}.Release|Any CPU.ActiveCfg = Release|Any CPU
		{90401D6E-C22C-4E19-B816-6559BC7FFB4B}.Release|Any CPU.Build.0 = Release|Any CPU
		{C79DD75A-3FAC-4407-AEA9-80562546D81F}.Debug|Any CPU.ActiveCfg = Debug|Any CPU
		{C79DD75A-3FAC-4407-AEA9-80562546D81F}.Debug|Any CPU.Build.0 = Debug|Any CPU
		{C79DD75A-3FAC-4407-AEA9-80562546D81F}.Release|Any CPU.ActiveCfg = Release|Any CPU
		{C79DD75A-3FAC-4407-AEA9-80562546D81F}.Release|Any CPU.Build.0 = Release|Any CPU
		{548663CC-B642-471F-88AB-5BB00395C86E}.Debug|Any CPU.ActiveCfg = Debug|Any CPU
		{548663CC-B642-471F-88AB-5BB00395C86E}.Debug|Any CPU.Build.0 = Debug|Any CPU
		{548663CC-B642-471F-88AB-5BB00395C86E}.Release|Any CPU.ActiveCfg = Release|Any CPU
		{548663CC-B642-471F-88AB-5BB00395C86E}.Release|Any CPU.Build.0 = Release|Any CPU
		{48B19408-6E3B-431B-B353-6273C7FD4C0C}.Debug|Any CPU.ActiveCfg = Debug|Any CPU
		{48B19408-6E3B-431B-B353-6273C7FD4C0C}.Debug|Any CPU.Build.0 = Debug|Any CPU
		{48B19408-6E3B-431B-B353-6273C7FD4C0C}.Release|Any CPU.ActiveCfg = Release|Any CPU
		{48B19408-6E3B-431B-B353-6273C7FD4C0C}.Release|Any CPU.Build.0 = Release|Any CPU
	EndGlobalSection
	GlobalSection(SolutionProperties) = preSolution
		HideSolutionNode = FALSE
	EndGlobalSection
	GlobalSection(ExtensibilityGlobals) = postSolution
		SolutionGuid = {F574D68D-7A3F-4DBA-BC02-B7E6A11CBAC6}
	EndGlobalSection
EndGlobal
